
Microsoft Visual Studio Solution File, Format Version 12.00
# Visual Studio Version 17
VisualStudioVersion = 17.14.37012.4 d17.14
MinimumVisualStudioVersion = 10.0.40219.1
Project("{FAE04EC0-301F-11D3-BF4B-00C04F79EFBC}") = "StacksCoolSlower", "StacksCoolSlower\StacksCoolSlower\StacksCoolSlower.csproj", "{56833F7D-B2B3-481A-BCF5-CA409F014981}"
EndProject
Project("{FAE04EC0-301F-11D3-BF4B-00C04F79EFBC}") = "CakeBuild", "StacksCoolSlower\ZZCakeBuild\CakeBuild.csproj", "{413E2443-ED85-48B7-83ED-ACC54A90928C}"
EndProject
Global
	GlobalSection(SolutionConfigurationPlatforms) = preSolution
		Debug|Any CPU = Debug|Any CPU
		Release|Any CPU = Release|Any CPU
	EndGlobalSection
	GlobalSection(ProjectConfigurationPlatforms) = postSolution
		{56833F7D-B2B3-481A-BCF5-CA409F014981}.Debug|Any CPU.ActiveCfg = Debug|Any CPU
		{56833F7D-B2B3-481A-BCF5-CA409F014981}.Debug|Any CPU.Build.0 = Debug|Any CPU
		{56833F7D-B2B3-481A-BCF5-CA409F014981}.Release|Any CPU.ActiveCfg = Release|Any CPU
		{56833F7D-B2B3-481A-BCF5-CA409F014981}.Release|Any CPU.Build.0 = Release|Any CPU
		{413E2443-ED85-48B7-83ED-ACC54A90928C}.Debug|Any CPU.ActiveCfg = Debug|Any CPU
		{413E2443-ED85-48B7-83ED-ACC54A90928C}.Debug|Any CPU.Build.0 = Debug|Any CPU
		{413E2443-ED85-48B7-83ED-ACC54A90928C}.Release|Any CPU.ActiveCfg = Release|Any CPU
		{413E2443-ED85-48B7-83ED-ACC54A90928C}.Release|Any CPU.Build.0 = Release|Any CPU
	EndGlobalSection
	GlobalSection(SolutionProperties) = preSolution
		HideSolutionNode = FALSE
	EndGlobalSection
	GlobalSection(ExtensibilityGlobals) = postSolution
		SolutionGuid = {43A18D9A-4ECD-48BE-995B-405EAAB4BAD7}
	EndGlobalSection
EndGlobal
